// !$*UTF8*$!
{
	archiveVersion = 1;
	classes = {
	};
	objectVersion = 46;
	objects = {

/* Begin PBXBuildFile section */
		4165ED4E0A22DD08E7B664C4 /* Pods_social_bocial.framework in Frameworks */ = {isa = PBXBuildFile; fileRef = 767EFE8740534D1537ED84F2 /* Pods_social_bocial.framework */; };
		F876CB9D1E236B20000AC956 /* HeaderView.swift in Sources */ = {isa = PBXBuildFile; fileRef = F876CB9C1E236B20000AC956 /* HeaderView.swift */; };
		F876CBA01E236C02000AC956 /* Constants.swift in Sources */ = {isa = PBXBuildFile; fileRef = F876CB9F1E236C02000AC956 /* Constants.swift */; };
		F876CBA21E236E2C000AC956 /* RoundButton.swift in Sources */ = {isa = PBXBuildFile; fileRef = F876CBA11E236E2C000AC956 /* RoundButton.swift */; };
		F876CBA41E236FA7000AC956 /* FancyField.swift in Sources */ = {isa = PBXBuildFile; fileRef = F876CBA31E236FA7000AC956 /* FancyField.swift */; };
		F876CBA61E2370D2000AC956 /* FancyButton.swift in Sources */ = {isa = PBXBuildFile; fileRef = F876CBA51E2370D2000AC956 /* FancyButton.swift */; };
		F879DCBF1E20AAD400C1BAAF /* AppDelegate.swift in Sources */ = {isa = PBXBuildFile; fileRef = F879DCBE1E20AAD300C1BAAF /* AppDelegate.swift */; };
		F879DCC11E20AAD400C1BAAF /* SignInVC.swift in Sources */ = {isa = PBXBuildFile; fileRef = F879DCC01E20AAD400C1BAAF /* SignInVC.swift */; };
		F879DCC41E20AAD400C1BAAF /* Main.storyboard in Resources */ = {isa = PBXBuildFile; fileRef = F879DCC21E20AAD400C1BAAF /* Main.storyboard */; };
		F879DCC61E20AAD400C1BAAF /* Assets.xcassets in Resources */ = {isa = PBXBuildFile; fileRef = F879DCC51E20AAD400C1BAAF /* Assets.xcassets */; };
		F879DCC91E20AAD400C1BAAF /* LaunchScreen.storyboard in Resources */ = {isa = PBXBuildFile; fileRef = F879DCC71E20AAD400C1BAAF /* LaunchScreen.storyboard */; };
		F879DCD11E20AB9000C1BAAF /* GoogleService-Info.plist in Resources */ = {isa = PBXBuildFile; fileRef = F879DCD01E20AB9000C1BAAF /* GoogleService-Info.plist */; };
/* End PBXBuildFile section */

/* Begin PBXFileReference section */
		176601D34B15060A6DA96BF6 /* Pods-social-bocial.release.xcconfig */ = {isa = PBXFileReference; includeInIndex = 1; lastKnownFileType = text.xcconfig; name = "Pods-social-bocial.release.xcconfig"; path = "Pods/Target Support Files/Pods-social-bocial/Pods-social-bocial.release.xcconfig"; sourceTree = "<group>"; };
		60AACF83BD775D5E7E337653 /* Pods-social-bocial.debug.xcconfig */ = {isa = PBXFileReference; includeInIndex = 1; lastKnownFileType = text.xcconfig; name = "Pods-social-bocial.debug.xcconfig"; path = "Pods/Target Support Files/Pods-social-bocial/Pods-social-bocial.debug.xcconfig"; sourceTree = "<group>"; };
		767EFE8740534D1537ED84F2 /* Pods_social_bocial.framework */ = {isa = PBXFileReference; explicitFileType = wrapper.framework; includeInIndex = 0; path = Pods_social_bocial.framework; sourceTree = BUILT_PRODUCTS_DIR; };
		F876CB9C1E236B20000AC956 /* HeaderView.swift */ = {isa = PBXFileReference; fileEncoding = 4; lastKnownFileType = sourcecode.swift; path = HeaderView.swift; sourceTree = "<group>"; };
		F876CB9F1E236C02000AC956 /* Constants.swift */ = {isa = PBXFileReference; fileEncoding = 4; lastKnownFileType = sourcecode.swift; path = Constants.swift; sourceTree = "<group>"; };
		F876CBA11E236E2C000AC956 /* RoundButton.swift */ = {isa = PBXFileReference; fileEncoding = 4; lastKnownFileType = sourcecode.swift; path = RoundButton.swift; sourceTree = "<group>"; };
		F876CBA31E236FA7000AC956 /* FancyField.swift */ = {isa = PBXFileReference; fileEncoding = 4; lastKnownFileType = sourcecode.swift; path = FancyField.swift; sourceTree = "<group>"; };
		F876CBA51E2370D2000AC956 /* FancyButton.swift */ = {isa = PBXFileReference; fileEncoding = 4; lastKnownFileType = sourcecode.swift; path = FancyButton.swift; sourceTree = "<group>"; };
		F879DCBB1E20AAD300C1BAAF /* social-bocial.app */ = {isa = PBXFileReference; explicitFileType = wrapper.application; includeInIndex = 0; path = "social-bocial.app"; sourceTree = BUILT_PRODUCTS_DIR; };
		F879DCBE1E20AAD300C1BAAF /* AppDelegate.swift */ = {isa = PBXFileReference; lastKnownFileType = sourcecode.swift; path = AppDelegate.swift; sourceTree = "<group>"; };
		F879DCC01E20AAD400C1BAAF /* SignInVC.swift */ = {isa = PBXFileReference; lastKnownFileType = sourcecode.swift; path = SignInVC.swift; sourceTree = "<group>"; };
		F879DCC31E20AAD400C1BAAF /* Base */ = {isa = PBXFileReference; lastKnownFileType = file.storyboard; name = Base; path = Base.lproj/Main.storyboard; sourceTree = "<group>"; };
		F879DCC51E20AAD400C1BAAF /* Assets.xcassets */ = {isa = PBXFileReference; lastKnownFileType = folder.assetcatalog; path = Assets.xcassets; sourceTree = "<group>"; };
		F879DCC81E20AAD400C1BAAF /* Base */ = {isa = PBXFileReference; lastKnownFileType = file.storyboard; name = Base; path = Base.lproj/LaunchScreen.storyboard; sourceTree = "<group>"; };
		F879DCCA1E20AAD400C1BAAF /* Info.plist */ = {isa = PBXFileReference; lastKnownFileType = text.plist.xml; path = Info.plist; sourceTree = "<group>"; };
		F879DCD01E20AB9000C1BAAF /* GoogleService-Info.plist */ = {isa = PBXFileReference; fileEncoding = 4; lastKnownFileType = text.plist.xml; path = "GoogleService-Info.plist"; sourceTree = "<group>"; };
/* End PBXFileReference section */

/* Begin PBXFrameworksBuildPhase section */
		F879DCB81E20AAD300C1BAAF /* Frameworks */ = {
			isa = PBXFrameworksBuildPhase;
			buildActionMask = 2147483647;
			files = (
				4165ED4E0A22DD08E7B664C4 /* Pods_social_bocial.framework in Frameworks */,
			);
			runOnlyForDeploymentPostprocessing = 0;
		};
/* End PBXFrameworksBuildPhase section */

/* Begin PBXGroup section */
		5DA37CADEF1E4A9E8E28882C /* Pods */ = {
			isa = PBXGroup;
			children = (
				60AACF83BD775D5E7E337653 /* Pods-social-bocial.debug.xcconfig */,
				176601D34B15060A6DA96BF6 /* Pods-social-bocial.release.xcconfig */,
			);
			name = Pods;
			sourceTree = "<group>";
		};
		8E6E355663F90D2D8358976B /* Frameworks */ = {
			isa = PBXGroup;
			children = (
				767EFE8740534D1537ED84F2 /* Pods_social_bocial.framework */,
			);
			name = Frameworks;
			sourceTree = "<group>";
		};
		F876CB9E1E236BF0000AC956 /* Util */ = {
			isa = PBXGroup;
			children = (
				F876CB9F1E236C02000AC956 /* Constants.swift */,
			);
			name = Util;
			sourceTree = "<group>";
		};
		F879DCB21E20AAD200C1BAAF = {
			isa = PBXGroup;
			children = (
				F879DCBD1E20AAD300C1BAAF /* social-bocial */,
				F879DCBC1E20AAD300C1BAAF /* Products */,
				5DA37CADEF1E4A9E8E28882C /* Pods */,
				8E6E355663F90D2D8358976B /* Frameworks */,
			);
			sourceTree = "<group>";
		};
		F879DCBC1E20AAD300C1BAAF /* Products */ = {
			isa = PBXGroup;
			children = (
				F879DCBB1E20AAD300C1BAAF /* social-bocial.app */,
			);
			name = Products;
			sourceTree = "<group>";
		};
		F879DCBD1E20AAD300C1BAAF /* social-bocial */ = {
			isa = PBXGroup;
			children = (
				F876CB9E1E236BF0000AC956 /* Util */,
				F879DCD41E2355B600C1BAAF /* Controller */,
				F879DCD31E2355B100C1BAAF /* View */,
				F879DCD21E2355A900C1BAAF /* Model */,
				F879DCD01E20AB9000C1BAAF /* GoogleService-Info.plist */,
				F879DCBE1E20AAD300C1BAAF /* AppDelegate.swift */,
				F879DCC21E20AAD400C1BAAF /* Main.storyboard */,
				F879DCC51E20AAD400C1BAAF /* Assets.xcassets */,
				F879DCC71E20AAD400C1BAAF /* LaunchScreen.storyboard */,
				F879DCCA1E20AAD400C1BAAF /* Info.plist */,
			);
			path = "social-bocial";
			sourceTree = "<group>";
		};
		F879DCD21E2355A900C1BAAF /* Model */ = {
			isa = PBXGroup;
			children = (
			);
			name = Model;
			sourceTree = "<group>";
		};
		F879DCD31E2355B100C1BAAF /* View */ = {
			isa = PBXGroup;
			children = (
				F876CB9C1E236B20000AC956 /* HeaderView.swift */,
				F876CBA11E236E2C000AC956 /* RoundButton.swift */,
				F876CBA31E236FA7000AC956 /* FancyField.swift */,
				F876CBA51E2370D2000AC956 /* FancyButton.swift */,
			);
			name = View;
			sourceTree = "<group>";
		};
		F879DCD41E2355B600C1BAAF /* Controller */ = {
			isa = PBXGroup;
			children = (
				F879DCC01E20AAD400C1BAAF /* SignInVC.swift */,
			);
			name = Controller;
			sourceTree = "<group>";
		};
/* End PBXGroup section */

/* Begin PBXNativeTarget section */
		F879DCBA1E20AAD300C1BAAF /* social-bocial */ = {
			isa = PBXNativeTarget;
			buildConfigurationList = F879DCCD1E20AAD400C1BAAF /* Build configuration list for PBXNativeTarget "social-bocial" */;
			buildPhases = (
				EB572390E89CB0D8B3B59F1F /* [CP] Check Pods Manifest.lock */,
				F879DCB71E20AAD300C1BAAF /* Sources */,
				F879DCB81E20AAD300C1BAAF /* Frameworks */,
				F879DCB91E20AAD300C1BAAF /* Resources */,
				D88C59A6C19DDF0C7CD12C5C /* [CP] Embed Pods Frameworks */,
				6E73D45979066660310CC604 /* [CP] Copy Pods Resources */,
			);
			buildRules = (
			);
			dependencies = (
			);
			name = "social-bocial";
			productName = "social-bocial";
			productReference = F879DCBB1E20AAD300C1BAAF /* social-bocial.app */;
			productType = "com.apple.product-type.application";
		};
/* End PBXNativeTarget section */

/* Begin PBXProject section */
		F879DCB31E20AAD200C1BAAF /* Project object */ = {
			isa = PBXProject;
			attributes = {
				LastSwiftUpdateCheck = 0820;
				LastUpgradeCheck = 0820;
				ORGANIZATIONNAME = ITGo;
				TargetAttributes = {
					F879DCBA1E20AAD300C1BAAF = {
						CreatedOnToolsVersion = 8.2.1;
						DevelopmentTeam = 74WEXLH2K4;
						ProvisioningStyle = Automatic;
					};
				};
			};
			buildConfigurationList = F879DCB61E20AAD200C1BAAF /* Build configuration list for PBXProject "social-bocial" */;
			compatibilityVersion = "Xcode 3.2";
			developmentRegion = English;
			hasScannedForEncodings = 0;
			knownRegions = (
				en,
				Base,
			);
			mainGroup = F879DCB21E20AAD200C1BAAF;
			productRefGroup = F879DCBC1E20AAD300C1BAAF /* Products */;
			projectDirPath = "";
			projectRoot = "";
			targets = (
				F879DCBA1E20AAD300C1BAAF /* social-bocial */,
			);
		};
/* End PBXProject section */

/* Begin PBXResourcesBuildPhase section */
		F879DCB91E20AAD300C1BAAF /* Resources */ = {
			isa = PBXResourcesBuildPhase;
			buildActionMask = 2147483647;
			files = (
				F879DCC91E20AAD400C1BAAF /* LaunchScreen.storyboard in Resources */,
				F879DCC61E20AAD400C1BAAF /* Assets.xcassets in Resources */,
				F879DCC41E20AAD400C1BAAF /* Main.storyboard in Resources */,
				F879DCD11E20AB9000C1BAAF /* GoogleService-Info.plist in Resources */,
			);
			runOnlyForDeploymentPostprocessing = 0;
		};
/* End PBXResourcesBuildPhase section */

/* Begin PBXShellScriptBuildPhase section */
		6E73D45979066660310CC604 /* [CP] Copy Pods Resources */ = {
			isa = PBXShellScriptBuildPhase;
			buildActionMask = 2147483647;
			files = (
			);
			inputPaths = (
			);
			name = "[CP] Copy Pods Resources";
			outputPaths = (
			);
			runOnlyForDeploymentPostprocessing = 0;
			shellPath = /bin/sh;
			shellScript = "\"${SRCROOT}/Pods/Target Support Files/Pods-social-bocial/Pods-social-bocial-resources.sh\"\n";
			showEnvVarsInLog = 0;
		};
		D88C59A6C19DDF0C7CD12C5C /* [CP] Embed Pods Frameworks */ = {
			isa = PBXShellScriptBuildPhase;
			buildActionMask = 2147483647;
			files = (
			);
			inputPaths = (
			);
			name = "[CP] Embed Pods Frameworks";
			outputPaths = (
			);
			runOnlyForDeploymentPostprocessing = 0;
			shellPath = /bin/sh;
			shellScript = "\"${SRCROOT}/Pods/Target Support Files/Pods-social-bocial/Pods-social-bocial-frameworks.sh\"\n";
			showEnvVarsInLog = 0;
		};
		EB572390E89CB0D8B3B59F1F /* [CP] Check Pods Manifest.lock */ = {
			isa = PBXShellScriptBuildPhase;
			buildActionMask = 2147483647;
			files = (
			);
			inputPaths = (
			);
			name = "[CP] Check Pods Manifest.lock";
			outputPaths = (
			);
			runOnlyForDeploymentPostprocessing = 0;
			shellPath = /bin/sh;
			shellScript = "diff \"${PODS_ROOT}/../Podfile.lock\" \"${PODS_ROOT}/Manifest.lock\" > /dev/null\nif [ $? != 0 ] ; then\n    # print error to STDERR\n    echo \"error: The sandbox is not in sync with the Podfile.lock. Run 'pod install' or update your CocoaPods installation.\" >&2\n    exit 1\nfi\n";
			showEnvVarsInLog = 0;
		};
/* End PBXShellScriptBuildPhase section */

/* Begin PBXSourcesBuildPhase section */
		F879DCB71E20AAD300C1BAAF /* Sources */ = {
			isa = PBXSourcesBuildPhase;
			buildActionMask = 2147483647;
			files = (
				F876CBA41E236FA7000AC956 /* FancyField.swift in Sources */,
				F879DCC11E20AAD400C1BAAF /* SignInVC.swift in Sources */,
				F876CBA21E236E2C000AC956 /* RoundButton.swift in Sources */,
				F876CBA61E2370D2000AC956 /* FancyButton.swift in Sources */,
				F876CB9D1E236B20000AC956 /* HeaderView.swift in Sources */,
				F879DCBF1E20AAD400C1BAAF /* AppDelegate.swift in Sources */,
				F876CBA01E236C02000AC956 /* Constants.swift in Sources */,
			);
			runOnlyForDeploymentPostprocessing = 0;
		};
/* End PBXSourcesBuildPhase section */

/* Begin PBXVariantGroup section */
		F879DCC21E20AAD400C1BAAF /* Main.storyboard */ = {
			isa = PBXVariantGroup;
			children = (
				F879DCC31E20AAD400C1BAAF /* Base */,
			);
			name = Main.storyboard;
			sourceTree = "<group>";
		};
		F879DCC71E20AAD400C1BAAF /* LaunchScreen.storyboard */ = {
			isa = PBXVariantGroup;
			children = (
				F879DCC81E20AAD400C1BAAF /* Base */,
			);
			name = LaunchScreen.storyboard;
			sourceTree = "<group>";
		};
/* End PBXVariantGroup section */

/* Begin XCBuildConfiguration section */
		F879DCCB1E20AAD400C1BAAF /* Debug */ = {
			isa = XCBuildConfiguration;
			buildSettings = {
				ALWAYS_SEARCH_USER_PATHS = NO;
				CLANG_ANALYZER_NONNULL = YES;
				CLANG_CXX_LANGUAGE_STANDARD = "gnu++0x";
				CLANG_CXX_LIBRARY = "libc++";
				CLANG_ENABLE_MODULES = YES;
				CLANG_ENABLE_OBJC_ARC = YES;
				CLANG_WARN_BOOL_CONVERSION = YES;
				CLANG_WARN_CONSTANT_CONVERSION = YES;
				CLANG_WARN_DIRECT_OBJC_ISA_USAGE = YES_ERROR;
				CLANG_WARN_DOCUMENTATION_COMMENTS = YES;
				CLANG_WARN_EMPTY_BODY = YES;
				CLANG_WARN_ENUM_CONVERSION = YES;
				CLANG_WARN_INFINITE_RECURSION = YES;
				CLANG_WARN_INT_CONVERSION = YES;
				CLANG_WARN_OBJC_ROOT_CLASS = YES_ERROR;
				CLANG_WARN_SUSPICIOUS_MOVE = YES;
				CLANG_WARN_UNREACHABLE_CODE = YES;
				CLANG_WARN__DUPLICATE_METHOD_MATCH = YES;
				"CODE_SIGN_IDENTITY[sdk=iphoneos*]" = "iPhone Developer";
				COPY_PHASE_STRIP = NO;
				DEBUG_INFORMATION_FORMAT = dwarf;
				ENABLE_STRICT_OBJC_MSGSEND = YES;
				ENABLE_TESTABILITY = YES;
				GCC_C_LANGUAGE_STANDARD = gnu99;
				GCC_DYNAMIC_NO_PIC = NO;
				GCC_NO_COMMON_BLOCKS = YES;
				GCC_OPTIMIZATION_LEVEL = 0;
				GCC_PREPROCESSOR_DEFINITIONS = (
					"DEBUG=1",
					"$(inherited)",
				);
				GCC_WARN_64_TO_32_BIT_CONVERSION = YES;
				GCC_WARN_ABOUT_RETURN_TYPE = YES_ERROR;
				GCC_WARN_UNDECLARED_SELECTOR = YES;
				GCC_WARN_UNINITIALIZED_AUTOS = YES_AGGRESSIVE;
				GCC_WARN_UNUSED_FUNCTION = YES;
				GCC_WARN_UNUSED_VARIABLE = YES;
				IPHONEOS_DEPLOYMENT_TARGET = 10.2;
				MTL_ENABLE_DEBUG_INFO = YES;
				ONLY_ACTIVE_ARCH = YES;
				SDKROOT = iphoneos;
				SWIFT_ACTIVE_COMPILATION_CONDITIONS = DEBUG;
				SWIFT_OPTIMIZATION_LEVEL = "-Onone";
				TARGETED_DEVICE_FAMILY = "1,2";
			};
			name = Debug;
		};
		F879DCCC1E20AAD400C1BAAF /* Release */ = {
			isa = XCBuildConfiguration;
			buildSettings = {
				ALWAYS_SEARCH_USER_PATHS = NO;
				CLANG_ANALYZER_NONNULL = YES;
				CLANG_CXX_LANGUAGE_STANDARD = "gnu++0x";
				CLANG_CXX_LIBRARY = "libc++";
				CLANG_ENABLE_MODULES = YES;
				CLANG_ENABLE_OBJC_ARC = YES;
				CLANG_WARN_BOOL_CONVERSION = YES;
				CLANG_WARN_CONSTANT_CONVERSION = YES;
				CLANG_WARN_DIRECT_OBJC_ISA_USAGE = YES_ERROR;
				CLANG_WARN_DOCUMENTATION_COMMENTS = YES;
				CLANG_WARN_EMPTY_BODY = YES;
				CLANG_WARN_ENUM_CONVERSION = YES;
				CLANG_WARN_INFINITE_RECURSION = YES;
				CLANG_WARN_INT_CONVERSION = YES;
				CLANG_WARN_OBJC_ROOT_CLASS = YES_ERROR;
				CLANG_WARN_SUSPICIOUS_MOVE = YES;
				CLANG_WARN_UNREACHABLE_CODE = YES;
				CLANG_WARN__DUPLICATE_METHOD_MATCH = YES;
				"CODE_SIGN_IDENTITY[sdk=iphoneos*]" = "iPhone Developer";
				COPY_PHASE_STRIP = NO;
				DEBUG_INFORMATION_FORMAT = "dwarf-with-dsym";
				ENABLE_NS_ASSERTIONS = NO;
				ENABLE_STRICT_OBJC_MSGSEND = YES;
				GCC_C_LANGUAGE_STANDARD = gnu99;
				GCC_NO_COMMON_BLOCKS = YES;
				GCC_WARN_64_TO_32_BIT_CONVERSION = YES;
				GCC_WARN_ABOUT_RETURN_TYPE = YES_ERROR;
				GCC_WARN_UNDECLARED_SELECTOR = YES;
				GCC_WARN_UNINITIALIZED_AUTOS = YES_AGGRESSIVE;
				GCC_WARN_UNUSED_FUNCTION = YES;
				GCC_WARN_UNUSED_VARIABLE = YES;
				IPHONEOS_DEPLOYMENT_TARGET = 10.2;
				MTL_ENABLE_DEBUG_INFO = NO;
				SDKROOT = iphoneos;
				SWIFT_OPTIMIZATION_LEVEL = "-Owholemodule";
				TARGETED_DEVICE_FAMILY = "1,2";
				VALIDATE_PRODUCT = YES;
			};
			name = Release;
		};
		F879DCCE1E20AAD400C1BAAF /* Debug */ = {
			isa = XCBuildConfiguration;
			baseConfigurationReference = 60AACF83BD775D5E7E337653 /* Pods-social-bocial.debug.xcconfig */;
			buildSettings = {
				ASSETCATALOG_COMPILER_APPICON_NAME = AppIcon;
				DEVELOPMENT_TEAM = 74WEXLH2K4;
				INFOPLIST_FILE = "social-bocial/Info.plist";
				LD_RUNPATH_SEARCH_PATHS = "$(inherited) @executable_path/Frameworks";
				PRODUCT_BUNDLE_IDENTIFIER = "com.itgosolutions.social-bocial";
				PRODUCT_NAME = "$(TARGET_NAME)";
				SWIFT_VERSION = 3.0;
			};
			name = Debug;
		};
		F879DCCF1E20AAD400C1BAAF /* Release */ = {
			isa = XCBuildConfiguration;
			baseConfigurationReference = 176601D34B15060A6DA96BF6 /* Pods-social-bocial.release.xcconfig */;
			buildSettings = {
				ASSETCATALOG_COMPILER_APPICON_NAME = AppIcon;
				DEVELOPMENT_TEAM = 74WEXLH2K4;
				INFOPLIST_FILE = "social-bocial/Info.plist";
				LD_RUNPATH_SEARCH_PATHS = "$(inherited) @executable_path/Frameworks";
				PRODUCT_BUNDLE_IDENTIFIER = "com.itgosolutions.social-bocial";
				PRODUCT_NAME = "$(TARGET_NAME)";
				SWIFT_VERSION = 3.0;
			};
			name = Release;
		};
/* End XCBuildConfiguration section */

/* Begin XCConfigurationList section */
		F879DCB61E20AAD200C1BAAF /* Build configuration list for PBXProject "social-bocial" */ = {
			isa = XCConfigurationList;
			buildConfigurations = (
				F879DCCB1E20AAD400C1BAAF /* Debug */,
				F879DCCC1E20AAD400C1BAAF /* Release */,
			);
			defaultConfigurationIsVisible = 0;
			defaultConfigurationName = Release;
		};
		F879DCCD1E20AAD400C1BAAF /* Build configuration list for PBXNativeTarget "social-bocial" */ = {
			isa = XCConfigurationList;
			buildConfigurations = (
				F879DCCE1E20AAD400C1BAAF /* Debug */,
				F879DCCF1E20AAD400C1BAAF /* Release */,
			);
			defaultConfigurationIsVisible = 0;
			defaultConfigurationName = Release;
		};
/* End XCConfigurationList section */
	};
	rootObject = F879DCB31E20AAD200C1BAAF /* Project object */;
}
